{
  "version": 4,
  "terraform_version": "1.5.6",
  "serial": 5,
  "lineage": "aec46a37-ab1f-3cc8-5ee4-800eb31c12d5",
  "outputs": {},
  "resources": [
    {
      "mode": "managed",
      "type": "google_compute_firewall",
      "name": "devops-tools_firewall_http",
      "provider": "provider[\"registry.terraform.io/hashicorp/google\"]",
      "instances": [
        {
          "schema_version": 1,
          "attributes": {
            "allow": [
              {
                "ports": [
                  "8080",
                  "9000",
                  "8081",
                  "8082",
                  "8083"
                ],
                "protocol": "tcp"
              }
            ],
            "creation_timestamp": "2023-10-03T20:07:17.950-07:00",
            "deny": [],
            "description": "",
            "destination_ranges": [],
            "direction": "INGRESS",
            "disabled": false,
            "enable_logging": null,
            "id": "projects/devops-tools-398511/global/firewalls/devops-tools-allow-http",
            "log_config": [],
            "name": "devops-tools-allow-http",
            "network": "https://www.googleapis.com/compute/v1/projects/devops-tools-398511/global/networks/devops-tools-vpc",
            "priority": 1000,
            "project": "devops-tools-398511",
            "self_link": "https://www.googleapis.com/compute/v1/projects/devops-tools-398511/global/firewalls/devops-tools-allow-http",
            "source_ranges": [
              "0.0.0.0/0"
            ],
            "source_service_accounts": null,
            "source_tags": [
              "allow-http"
            ],
            "target_service_accounts": null,
            "target_tags": null,
            "timeouts": null
          },
          "sensitive_attributes": [],
          "private": "eyJlMmJmYjczMC1lY2FhLTExZTYtOGY4OC0zNDM2M2JjN2M0YzAiOnsiY3JlYXRlIjoxMjAwMDAwMDAwMDAwLCJkZWxldGUiOjEyMDAwMDAwMDAwMDAsInVwZGF0ZSI6MTIwMDAwMDAwMDAwMH0sInNjaGVtYV92ZXJzaW9uIjoiMSJ9",
          "dependencies": [
            "google_compute_network.devops-tools"
          ]
        }
      ]
    },
    {
      "mode": "managed",
      "type": "google_compute_firewall",
      "name": "devops-tools_firewall_ssh",
      "provider": "provider[\"registry.terraform.io/hashicorp/google\"]",
      "instances": [
        {
          "schema_version": 1,
          "attributes": {
            "allow": [
              {
                "ports": [
                  "22"
                ],
                "protocol": "tcp"
              }
            ],
            "creation_timestamp": "2023-10-03T20:07:17.866-07:00",
            "deny": [],
            "description": "",
            "destination_ranges": [],
            "direction": "INGRESS",
            "disabled": false,
            "enable_logging": null,
            "id": "projects/devops-tools-398511/global/firewalls/devops-tools-allow-ssh",
            "log_config": [],
            "name": "devops-tools-allow-ssh",
            "network": "https://www.googleapis.com/compute/v1/projects/devops-tools-398511/global/networks/devops-tools-vpc",
            "priority": 1000,
            "project": "devops-tools-398511",
            "self_link": "https://www.googleapis.com/compute/v1/projects/devops-tools-398511/global/firewalls/devops-tools-allow-ssh",
            "source_ranges": [
              "0.0.0.0/0"
            ],
            "source_service_accounts": null,
            "source_tags": [
              "allow-ssh"
            ],
            "target_service_accounts": null,
            "target_tags": null,
            "timeouts": null
          },
          "sensitive_attributes": [],
          "private": "eyJlMmJmYjczMC1lY2FhLTExZTYtOGY4OC0zNDM2M2JjN2M0YzAiOnsiY3JlYXRlIjoxMjAwMDAwMDAwMDAwLCJkZWxldGUiOjEyMDAwMDAwMDAwMDAsInVwZGF0ZSI6MTIwMDAwMDAwMDAwMH0sInNjaGVtYV92ZXJzaW9uIjoiMSJ9",
          "dependencies": [
            "google_compute_network.devops-tools"
          ]
        }
      ]
    },
    {
      "mode": "managed",
      "type": "google_compute_network",
      "name": "devops-tools",
      "provider": "provider[\"registry.terraform.io/hashicorp/google\"]",
      "instances": [
        {
          "schema_version": 0,
          "attributes": {
            "auto_create_subnetworks": false,
            "delete_default_routes_on_create": false,
            "description": "",
            "enable_ula_internal_ipv6": false,
            "gateway_ipv4": "",
            "id": "projects/devops-tools-398511/global/networks/devops-tools-vpc",
            "internal_ipv6_range": "",
            "mtu": 0,
            "name": "devops-tools-vpc",
            "network_firewall_policy_enforcement_order": "AFTER_CLASSIC_FIREWALL",
            "project": "devops-tools-398511",
            "routing_mode": "REGIONAL",
            "self_link": "https://www.googleapis.com/compute/v1/projects/devops-tools-398511/global/networks/devops-tools-vpc",
            "timeouts": null
          },
          "sensitive_attributes": [],
          "private": "eyJlMmJmYjczMC1lY2FhLTExZTYtOGY4OC0zNDM2M2JjN2M0YzAiOnsiY3JlYXRlIjoxMjAwMDAwMDAwMDAwLCJkZWxldGUiOjEyMDAwMDAwMDAwMDAsInVwZGF0ZSI6MTIwMDAwMDAwMDAwMH19"
        }
      ]
    },
    {
      "mode": "managed",
      "type": "google_compute_subnetwork",
      "name": "devops-tools",
      "provider": "provider[\"registry.terraform.io/hashicorp/google\"]",
      "instances": [
        {
          "schema_version": 0,
          "attributes": {
            "creation_timestamp": "2023-10-03T20:07:20.645-07:00",
            "description": "",
            "external_ipv6_prefix": "",
            "fingerprint": null,
            "gateway_address": "10.101.21.1",
            "id": "projects/devops-tools-398511/regions/asia-southeast2/subnetworks/devops-tools-subnet1-asia-southeast2",
            "ip_cidr_range": "10.101.21.0/24",
            "ipv6_access_type": "",
            "ipv6_cidr_range": "",
            "log_config": [],
            "name": "devops-tools-subnet1-asia-southeast2",
            "network": "https://www.googleapis.com/compute/v1/projects/devops-tools-398511/global/networks/devops-tools-vpc",
            "private_ip_google_access": true,
            "private_ipv6_google_access": "DISABLE_GOOGLE_ACCESS",
            "project": "devops-tools-398511",
            "purpose": "PRIVATE",
            "region": "asia-southeast2",
            "role": "",
            "secondary_ip_range": [
              {
                "ip_cidr_range": "10.48.0.0/14",
                "range_name": "k8s-pod-range"
              },
              {
                "ip_cidr_range": "10.52.0.0/20",
                "range_name": "k8s-service-range"
              }
            ],
            "self_link": "https://www.googleapis.com/compute/v1/projects/devops-tools-398511/regions/asia-southeast2/subnetworks/devops-tools-subnet1-asia-southeast2",
            "stack_type": "IPV4_ONLY",
            "timeouts": null
          },
          "sensitive_attributes": [],
          "private": "eyJlMmJmYjczMC1lY2FhLTExZTYtOGY4OC0zNDM2M2JjN2M0YzAiOnsiY3JlYXRlIjoxMjAwMDAwMDAwMDAwLCJkZWxldGUiOjEyMDAwMDAwMDAwMDAsInVwZGF0ZSI6MTIwMDAwMDAwMDAwMH19",
          "dependencies": [
            "google_compute_network.devops-tools"
          ]
        }
      ]
    }
  ],
  "check_results": null
}
