{
  "version": 4,
  "terraform_version": "1.5.6",
  "serial": 98,
  "lineage": "115b162f-1ea5-146c-d8e7-f16580beaabf",
  "outputs": {},
  "resources": [
    {
      "module": "module.GKE-TEMPLATE",
      "mode": "managed",
      "type": "google_container_cluster",
      "name": "primary",
      "provider": "module.GKE-TEMPLATE.provider[\"registry.terraform.io/hashicorp/google\"]",
      "instances": [
        {
          "schema_version": 1,
          "attributes": {
            "addons_config": [
              {
                "cloudrun_config": [],
                "config_connector_config": [],
                "dns_cache_config": [],
                "gce_persistent_disk_csi_driver_config": [
                  {
                    "enabled": true
                  }
                ],
                "gcp_filestore_csi_driver_config": [],
                "gcs_fuse_csi_driver_config": [],
                "gke_backup_agent_config": [],
                "horizontal_pod_autoscaling": [],
                "http_load_balancing": [],
                "network_policy_config": [
                  {
                    "disabled": true
                  }
                ]
              }
            ],
            "allow_net_admin": null,
            "authenticator_groups_config": [],
            "binary_authorization": [
              {
                "enabled": false,
                "evaluation_mode": ""
              }
            ],
            "cluster_autoscaling": [
              {
                "auto_provisioning_defaults": [],
                "enabled": false,
                "resource_limits": []
              }
            ],
            "cluster_ipv4_cidr": "10.48.0.0/14",
            "confidential_nodes": [],
            "cost_management_config": [],
            "database_encryption": [
              {
                "key_name": "",
                "state": "DECRYPTED"
              }
            ],
            "datapath_provider": "",
            "default_max_pods_per_node": 110,
            "default_snat_status": [
              {
                "disabled": false
              }
            ],
            "description": "",
            "dns_config": [],
            "enable_autopilot": false,
            "enable_binary_authorization": false,
            "enable_intranode_visibility": false,
            "enable_k8s_beta_apis": [],
            "enable_kubernetes_alpha": false,
            "enable_l4_ilb_subsetting": false,
            "enable_legacy_abac": false,
            "enable_shielded_nodes": true,
            "enable_tpu": false,
            "endpoint": "34.101.219.204",
            "gateway_api_config": [],
            "id": "projects/devops-tools-398511/locations/asia-southeast2-a/clusters/cluster-1",
            "initial_node_count": 2,
            "ip_allocation_policy": [
              {
                "additional_pod_ranges_config": [],
                "cluster_ipv4_cidr_block": "10.48.0.0/14",
                "cluster_secondary_range_name": "k8s-pod-range",
                "pod_cidr_overprovision_config": [
                  {
                    "disabled": false
                  }
                ],
                "services_ipv4_cidr_block": "10.52.0.0/20",
                "services_secondary_range_name": "k8s-service-range",
                "stack_type": "IPV4"
              }
            ],
            "label_fingerprint": "a9dc16a7",
            "location": "asia-southeast2-a",
            "logging_config": [
              {
                "enable_components": [
                  "SYSTEM_COMPONENTS",
                  "WORKLOADS"
                ]
              }
            ],
            "logging_service": "logging.googleapis.com/kubernetes",
            "maintenance_policy": [],
            "master_auth": [
              {
                "client_certificate": "",
                "client_certificate_config": [
                  {
                    "issue_client_certificate": false
                  }
                ],
                "client_key": "",
                "cluster_ca_certificate": "LS0tLS1CRUdJTiBDRVJUSUZJQ0FURS0tLS0tCk1JSUVMVENDQXBXZ0F3SUJBZ0lSQU1FSW5pTFg1ZjFNd3BWSFNmeks1V1l3RFFZSktvWklodmNOQVFFTEJRQXcKTHpFdE1Dc0dBMVVFQXhNa1kyWmtZemN4TlRZdE5ETmpaaTAwT0dSaExXSXhabUV0Wm1Zek4yWTNZbUkzTnpjegpNQ0FYRFRJek1UQXdOREEyTXpZeE0xb1lEekl3TlRNd09USTJNRGN6TmpFeldqQXZNUzB3S3dZRFZRUURFeVJqClptUmpOekUxTmkwME0yTm1MVFE0WkdFdFlqRm1ZUzFtWmpNM1pqZGlZamMzTnpNd2dnR2lNQTBHQ1NxR1NJYjMKRFFFQkFRVUFBNElCandBd2dnR0tBb0lCZ1FEeDJsdVdySk9udGdTSERMUE9MMThXdFIwSWc3UzV1a0Y3dHZFWApORWN1V2NGeFJTZFdkNkFhcnBhMkkvL0hITW9YbnlmNG94cFVvUm05YUhqdWVPRGQya2p6akQ4dU1TdlhOZjJVClladVNqeUtxR1pXQzk5dmZFU0poeTZvbCtyb0tJdXNJYzZJZzI5UmpFMVVkYVVNYWZMSVVtdFczendCLzUyNWwKQmxNeW1pdm55UGhYU05JYkVVV3hoOS9RYUpJM3hac1B5T3pSOGJvcWJSTWgvSG00Z1BjaDZ3aUtwd1NaYzErSwpHQmdFMHZmWHJSd05QeHBudkRNTjBvLzgxbmFkbmZ5cTNCK0dhc0pKeTZJZGhxbUZJT0wrcThHQ2hvSS9MajNCCmZ4MW5JbFk5SXhVd2dNRkpJRmNacmhrdXcwR29QeG5oVFU5K0ZqRFpsVDg4U0hOOTFMOEo4Q09GeElZQkE3VDMKWDFoNUMycEtEQjVYUDBsbFdHM1NHdHNvenpOS1F6aUNWWFJ6R2FzQy84aXVRYTdGN0lJcSt6SXE3WWJQamt4dgppMmZaYnFyT2kvRnk5cjM5WFhhOU8xOU8vYVFpS0JZYXFadWFsYjJsOEMrMExCVGZRTHFsUGxabEJObXZicDdKClRvcG1GNy9UbnNNbldUMFBsVmdGdnRWRjNnRUNBd0VBQWFOQ01FQXdEZ1lEVlIwUEFRSC9CQVFEQWdJRU1BOEcKQTFVZEV3RUIvd1FGTUFNQkFmOHdIUVlEVlIwT0JCWUVGTG92eE5ic1JDZDZFQVdaY2xMY1AzUXc3VjRXTUEwRwpDU3FHU0liM0RRRUJDd1VBQTRJQmdRQkcrQUd2WEFyVFFNZkpJOS9MRVBtS3d5ejdxUTVES0ZCR3pkK1V4U0N5Ck5NSWk5NU14R0U4N1JzYVRMUS9NMlFxMkdHY2dGNVg5SzJQMlI5bExIY2gwSW9tclpLSERLN2gwZUs3VFJmM2kKUEMxNXFUUEU5RkpCOGQyd1VjOGNkYjdiTHlrN2RrR3lOMDlrS2VDYjZqdjViM1d6Q3lYKzk2L202QWNSeFFxcApxZUtMY2lzOWlFRzVDRGcwRGdSeDM3TlZ6VUE4SGFWZTEva042VHc2ZWFmbWFsaU4ydWZlaWhSZHg0YnJiT3hoCmYxUlQydVlBQTB1R3pROEdMcEkxSVFCM3dST0ErakZJZXlZWDZML3AxbU84NmIzSmo3WVNJWkRBVlhDV0pzbmQKLzZtOW5kMHY5THNXRW5EcFJoenA4SVdKWGJTRW5uSWV0clllbzJjMkpaUndGUXQzVFpLczhpWlBodFJvMnQzYwprM3lWcjdXL0tFbFVUMWlDb0t0VmZka0Ywd25xZGlKNHRyMHdlaFEwY0Z1Q0ZtYUhhaFVLOXhGNytOcTN6dWxRCmxRUWtEdkZBVUUreStHN1ZkdWV1cDZCN3hCMkZYSGtVQVBBNWdDaTJ1bmxjR3VQMzJzREYrTGdGcERRMHAzL3UKQ1NHVExneWNUa1dQSnA0L0p0Z09kNkE9Ci0tLS0tRU5EIENFUlRJRklDQVRFLS0tLS0K"
              }
            ],
            "master_authorized_networks_config": [],
            "master_version": "1.27.3-gke.100",
            "mesh_certificates": [],
            "min_master_version": null,
            "monitoring_config": [
              {
                "advanced_datapath_observability_config": [
                  {
                    "enable_metrics": false,
                    "relay_mode": "DISABLED"
                  }
                ],
                "enable_components": [
                  "SYSTEM_COMPONENTS"
                ],
                "managed_prometheus": [
                  {
                    "enabled": true
                  }
                ]
              }
            ],
            "monitoring_service": "monitoring.googleapis.com/kubernetes",
            "name": "cluster-1",
            "network": "projects/devops-tools-398511/global/networks/devops-tools-vpc",
            "network_policy": [
              {
                "enabled": false,
                "provider": "PROVIDER_UNSPECIFIED"
              }
            ],
            "networking_mode": "VPC_NATIVE",
            "node_config": [],
            "node_locations": [],
            "node_pool": [],
            "node_pool_defaults": [
              {
                "node_config_defaults": [
                  {
                    "logging_variant": "DEFAULT"
                  }
                ]
              }
            ],
            "node_version": "1.27.3-gke.100",
            "notification_config": [
              {
                "pubsub": [
                  {
                    "enabled": false,
                    "filter": [],
                    "topic": ""
                  }
                ]
              }
            ],
            "operation": null,
            "private_cluster_config": [
              {
                "enable_private_endpoint": false,
                "enable_private_nodes": false,
                "master_global_access_config": [
                  {
                    "enabled": false
                  }
                ],
                "master_ipv4_cidr_block": "",
                "peering_name": "",
                "private_endpoint": "10.101.21.9",
                "private_endpoint_subnetwork": "",
                "public_endpoint": "34.101.219.204"
              }
            ],
            "private_ipv6_google_access": "",
            "project": "devops-tools-398511",
            "release_channel": [
              {
                "channel": "REGULAR"
              }
            ],
            "remove_default_node_pool": true,
            "resource_labels": null,
            "resource_usage_export_config": [],
            "security_posture_config": [
              {
                "mode": "BASIC",
                "vulnerability_mode": "VULNERABILITY_MODE_UNSPECIFIED"
              }
            ],
            "self_link": "https://container.googleapis.com/v1/projects/devops-tools-398511/zones/asia-southeast2-a/clusters/cluster-1",
            "service_external_ips_config": [
              {
                "enabled": false
              }
            ],
            "services_ipv4_cidr": "10.52.0.0/20",
            "subnetwork": "projects/devops-tools-398511/regions/asia-southeast2/subnetworks/devops-tools-subnet1-asia-southeast2",
            "timeouts": null,
            "tpu_ipv4_cidr_block": "",
            "vertical_pod_autoscaling": [],
            "workload_identity_config": []
          },
          "sensitive_attributes": [],
          "private": "eyJlMmJmYjczMC1lY2FhLTExZTYtOGY4OC0zNDM2M2JjN2M0YzAiOnsiY3JlYXRlIjoyNDAwMDAwMDAwMDAwLCJkZWxldGUiOjI0MDAwMDAwMDAwMDAsInJlYWQiOjI0MDAwMDAwMDAwMDAsInVwZGF0ZSI6MzYwMDAwMDAwMDAwMH0sInNjaGVtYV92ZXJzaW9uIjoiMSJ9"
        }
      ]
    },
    {
      "module": "module.GKE-TEMPLATE",
      "mode": "managed",
      "type": "google_container_node_pool",
      "name": "general",
      "provider": "module.GKE-TEMPLATE.provider[\"registry.terraform.io/hashicorp/google\"]",
      "instances": [
        {
          "schema_version": 1,
          "attributes": {
            "autoscaling": [],
            "cluster": "cluster-1",
            "id": "projects/devops-tools-398511/locations/asia-southeast2-a/clusters/cluster-1/nodePools/web-node",
            "initial_node_count": 2,
            "instance_group_urls": [
              "https://www.googleapis.com/compute/v1/projects/devops-tools-398511/zones/asia-southeast2-a/instanceGroupManagers/gke-cluster-1-web-node-a0e22e07-grp"
            ],
            "location": "asia-southeast2-a",
            "managed_instance_group_urls": [
              "https://www.googleapis.com/compute/v1/projects/devops-tools-398511/zones/asia-southeast2-a/instanceGroups/gke-cluster-1-web-node-a0e22e07-grp"
            ],
            "management": [
              {
                "auto_repair": true,
                "auto_upgrade": true
              }
            ],
            "max_pods_per_node": 110,
            "name": "web-node",
            "name_prefix": "",
            "network_config": [
              {
                "create_pod_range": false,
                "enable_private_nodes": false,
                "pod_cidr_overprovision_config": [],
                "pod_ipv4_cidr_block": "10.48.0.0/14",
                "pod_range": "k8s-pod-range"
              }
            ],
            "node_config": [
              {
                "advanced_machine_features": [],
                "boot_disk_kms_key": "",
                "disk_size_gb": 30,
                "disk_type": "pd-balanced",
                "ephemeral_storage_local_ssd_config": [],
                "gcfs_config": [],
                "guest_accelerator": [],
                "gvnic": [],
                "host_maintenance_policy": [],
                "image_type": "COS_CONTAINERD",
                "kubelet_config": [],
                "labels": {},
                "linux_node_config": [],
                "local_nvme_ssd_block_config": [],
                "local_ssd_count": 0,
                "logging_variant": "DEFAULT",
                "machine_type": "e2-medium",
                "metadata": {
                  "disable-legacy-endpoints": "true"
                },
                "min_cpu_platform": "",
                "node_group": "",
                "oauth_scopes": [
                  "https://www.googleapis.com/auth/devstorage.read_only",
                  "https://www.googleapis.com/auth/logging.write",
                  "https://www.googleapis.com/auth/monitoring",
                  "https://www.googleapis.com/auth/service.management.readonly",
                  "https://www.googleapis.com/auth/servicecontrol",
                  "https://www.googleapis.com/auth/trace.append"
                ],
                "preemptible": false,
                "reservation_affinity": [],
                "resource_labels": null,
                "service_account": "default",
                "shielded_instance_config": [
                  {
                    "enable_integrity_monitoring": true,
                    "enable_secure_boot": false
                  }
                ],
                "sole_tenant_config": [],
                "spot": false,
                "tags": [
                  "allow-ssh",
                  "allow-http"
                ],
                "taint": [],
                "workload_metadata_config": []
              }
            ],
            "node_count": 2,
            "node_locations": [
              "asia-southeast2-a"
            ],
            "operation": null,
            "placement_policy": [],
            "project": "devops-tools-398511",
            "timeouts": null,
            "upgrade_settings": [
              {
                "blue_green_settings": [],
                "max_surge": 1,
                "max_unavailable": 0,
                "strategy": "SURGE"
              }
            ],
            "version": "1.27.3-gke.100"
          },
          "sensitive_attributes": [],
          "private": "eyJlMmJmYjczMC1lY2FhLTExZTYtOGY4OC0zNDM2M2JjN2M0YzAiOnsiY3JlYXRlIjoxODAwMDAwMDAwMDAwLCJkZWxldGUiOjE4MDAwMDAwMDAwMDAsInVwZGF0ZSI6MTgwMDAwMDAwMDAwMH0sInNjaGVtYV92ZXJzaW9uIjoiMSJ9",
          "dependencies": [
            "module.GKE-TEMPLATE.google_container_cluster.primary"
          ]
        }
      ]
    }
  ],
  "check_results": null
}
