{
  "version": 4,
  "terraform_version": "1.5.6",
  "serial": 7,
  "lineage": "0b8f84a8-1183-4796-3f3f-50e3a52e1aea",
  "outputs": {},
  "resources": [
    {
      "module": "module.gcp_template",
      "mode": "managed",
      "type": "google_compute_instance",
      "name": "default",
      "provider": "module.gcp_template.provider[\"registry.terraform.io/hashicorp/google\"]",
      "instances": [
        {
          "schema_version": 6,
          "attributes": {
            "advanced_machine_features": [],
            "allow_stopping_for_update": null,
            "attached_disk": [],
            "boot_disk": [
              {
                "auto_delete": true,
                "device_name": "persistent-disk-0",
                "disk_encryption_key_raw": "",
                "disk_encryption_key_sha256": "",
                "initialize_params": [
                  {
                    "image": "https://www.googleapis.com/compute/v1/projects/ubuntu-os-cloud/global/images/ubuntu-2204-jammy-v20230919",
                    "labels": {},
                    "resource_manager_tags": null,
                    "size": 25,
                    "type": "pd-standard"
                  }
                ],
                "kms_key_self_link": "",
                "mode": "READ_WRITE",
                "source": "https://www.googleapis.com/compute/v1/projects/devops-tools-398511/zones/asia-southeast2-a/disks/jenkins-server"
              }
            ],
            "can_ip_forward": false,
            "confidential_instance_config": [],
            "cpu_platform": "Intel Broadwell",
            "current_status": "RUNNING",
            "deletion_protection": false,
            "description": "",
            "desired_status": null,
            "enable_display": false,
            "guest_accelerator": [],
            "hostname": "",
            "id": "projects/devops-tools-398511/zones/asia-southeast2-a/instances/jenkins-server",
            "instance_id": "2887114209641979170",
            "label_fingerprint": "42WmSpB8rSM=",
            "labels": null,
            "machine_type": "e2-medium",
            "metadata": null,
            "metadata_fingerprint": "uVYqGSwCunk=",
            "metadata_startup_script": "#!/bin/bash\n\nsudo apt update\nsudo apt install openjdk-17-jre -y\ncurl -fsSL https://pkg.jenkins.io/debian-stable/jenkins.io-2023.key | sudo tee \\\n  /usr/share/keyrings/jenkins-keyring.asc \u003e /dev/null\necho deb [signed-by=/usr/share/keyrings/jenkins-keyring.asc] \\\n  https://pkg.jenkins.io/debian-stable binary/ | sudo tee \\\n  /etc/apt/sources.list.d/jenkins.list \u003e /dev/null\nsudo apt-get update\nsudo apt-get install jenkins -y\nsudo apt-get install ca-certificates curl gnupg\nsudo install -m 0755 -d /etc/apt/keyrings\ncurl -fsSL https://download.docker.com/linux/ubuntu/gpg | sudo gpg --dearmor -o /etc/apt/keyrings/docker.gpg\nsudo chmod a+r /etc/apt/keyrings/docker.gpg\necho \\\n  \"deb [arch=\"$(dpkg --print-architecture)\" signed-by=/etc/apt/keyrings/docker.gpg] https://download.docker.com/linux/ubuntu \\\n  \"$(. /etc/os-release \u0026\u0026 echo \"$VERSION_CODENAME\")\" stable\" | \\\n  sudo tee /etc/apt/sources.list.d/docker.list \u003e /dev/null\nsudo apt-get update\nsudo apt-get install docker-ce -y docker-ce-cli -y containerd.io docker-buildx-plugin docker-compose-plugin\nsudo usermod -aG docker $USER \nsudo usermod -aG docker fakhriyfasya20\nsudo apt-get update \u0026\u0026 sudo apt-get install -y gnupg software-properties-common\nwget -O- https://apt.releases.hashicorp.com/gpg | \\\ngpg --dearmor | \\\nsudo tee /usr/share/keyrings/hashicorp-archive-keyring.gpg\ngpg --no-default-keyring \\\n--keyring /usr/share/keyrings/hashicorp-archive-keyring.gpg \\\n--fingerprint\necho \"deb [signed-by=/usr/share/keyrings/hashicorp-archive-keyring.gpg] \\\nhttps://apt.releases.hashicorp.com $(lsb_release -cs) main\" | \\\nsudo tee /etc/apt/sources.list.d/hashicorp.list\nsudo apt update\nsudo apt-get install terraform\ntouch ~/.bashrc\nterraform -install-autocomplete\n\n\n",
            "min_cpu_platform": "",
            "name": "jenkins-server",
            "network_interface": [
              {
                "access_config": [
                  {
                    "nat_ip": "34.128.78.15",
                    "network_tier": "PREMIUM",
                    "public_ptr_domain_name": ""
                  }
                ],
                "alias_ip_range": [],
                "ipv6_access_config": [],
                "ipv6_access_type": "",
                "name": "nic0",
                "network": "https://www.googleapis.com/compute/v1/projects/devops-tools-398511/global/networks/devops-tools-vpc",
                "network_ip": "10.101.21.4",
                "nic_type": "",
                "queue_count": 0,
                "stack_type": "IPV4_ONLY",
                "subnetwork": "https://www.googleapis.com/compute/v1/projects/devops-tools-398511/regions/asia-southeast2/subnetworks/devops-tools-subnet1-asia-southeast2",
                "subnetwork_project": "devops-tools-398511"
              }
            ],
            "network_performance_config": [],
            "params": [],
            "project": "devops-tools-398511",
            "reservation_affinity": [],
            "resource_policies": null,
            "scheduling": [
              {
                "automatic_restart": true,
                "instance_termination_action": "",
                "local_ssd_recovery_timeout": [],
                "min_node_cpus": 0,
                "node_affinities": [],
                "on_host_maintenance": "MIGRATE",
                "preemptible": false,
                "provisioning_model": "STANDARD"
              }
            ],
            "scratch_disk": [],
            "self_link": "https://www.googleapis.com/compute/v1/projects/devops-tools-398511/zones/asia-southeast2-a/instances/jenkins-server",
            "service_account": [],
            "shielded_instance_config": [
              {
                "enable_integrity_monitoring": true,
                "enable_secure_boot": false,
                "enable_vtpm": true
              }
            ],
            "tags": [
              "allow-http",
              "allow-ssh"
            ],
            "tags_fingerprint": "LfyOV3jN6cE=",
            "timeouts": null,
            "zone": "asia-southeast2-a"
          },
          "sensitive_attributes": [],
          "private": "eyJlMmJmYjczMC1lY2FhLTExZTYtOGY4OC0zNDM2M2JjN2M0YzAiOnsiY3JlYXRlIjoxMjAwMDAwMDAwMDAwLCJkZWxldGUiOjEyMDAwMDAwMDAwMDAsInVwZGF0ZSI6MTIwMDAwMDAwMDAwMH0sInNjaGVtYV92ZXJzaW9uIjoiNiJ9"
        }
      ]
    }
  ],
  "check_results": null
}
